
Microsoft Visual Studio Solution File, Format Version 12.00
# Visual Studio Version 17
VisualStudioVersion = 17.4.33801.306
MinimumVisualStudioVersion = 10.0.40219.1
Project("{FAE04EC0-301F-11D3-BF4B-00C04F79EFBC}") = "Scoreboard", "Scoreboard\Scoreboard.csproj", "{B8AE68FE-A98F-485A-BD03-4B0B1C5B7815}"
EndProject
Global
	GlobalSection(SolutionConfigurationPlatforms) = preSolution
		Debug|Any CPU = Debug|Any CPU
		Release|Any CPU = Release|Any CPU
	EndGlobalSection
	GlobalSection(ProjectConfigurationPlatforms) = postSolution
		{B8AE68FE-A98F-485A-BD03-4B0B1C5B7815}.Debug|Any CPU.ActiveCfg = Debug|Any CPU
		{B8AE68FE-A98F-485A-BD03-4B0B1C5B7815}.Debug|Any CPU.Build.0 = Debug|Any CPU
		{B8AE68FE-A98F-485A-BD03-4B0B1C5B7815}.Release|Any CPU.ActiveCfg = Release|Any CPU
		{B8AE68FE-A98F-485A-BD03-4B0B1C5B7815}.Release|Any CPU.Build.0 = Release|Any CPU
	EndGlobalSection
	GlobalSection(SolutionProperties) = preSolution
		HideSolutionNode = FALSE
	EndGlobalSection
	GlobalSection(ExtensibilityGlobals) = postSolution
		SolutionGuid = {66DDC6F5-FEA5-47B4-A5FD-8D445D34CF53}
	EndGlobalSection
EndGlobal
